
Microsoft Visual Studio Solution File, Format Version 12.00
# Visual Studio 2012
Project("{8BC9CEB8-8B4A-11D0-8D11-00A0C91BC942}") = "CrystalSpaceProjectV08", "CrystalSpaceProjectV08\CrystalSpaceProjectV08.vcxproj", "{E7E40FCC-7613-4547-B026-C861D8EC801C}"
EndProject
Global
	GlobalSection(SolutionConfigurationPlatforms) = preSolution
		Debug|Win32 = Debug|Win32
		Release|Win32 = Release|Win32
	EndGlobalSection
	GlobalSection(ProjectConfigurationPlatforms) = postSolution
		{E7E40FCC-7613-4547-B026-C861D8EC801C}.Debug|Win32.ActiveCfg = Debug|Win32
		{E7E40FCC-7613-4547-B026-C861D8EC801C}.Debug|Win32.Build.0 = Debug|Win32
		{E7E40FCC-7613-4547-B026-C861D8EC801C}.Release|Win32.ActiveCfg = Release|Win32
		{E7E40FCC-7613-4547-B026-C861D8EC801C}.Release|Win32.Build.0 = Release|Win32
	EndGlobalSection
	GlobalSection(SolutionProperties) = preSolution
		HideSolutionNode = FALSE
	EndGlobalSection
EndGlobal
